
Microsoft Visual Studio Solution File, Format Version 12.00
# Visual Studio Version 17
VisualStudioVersion = 17.9.34728.123
MinimumVisualStudioVersion = 10.0.40219.1
Project("{FAE04EC0-301F-11D3-BF4B-00C04F79EFBC}") = "bankerConsoleC#", "bankerConsoleC#.csproj", "{143EDEC2-465D-4D01-80EB-5D650B7C1649}"
EndProject
Global
	GlobalSection(SolutionConfigurationPlatforms) = preSolution
		Debug|Any CPU = Debug|Any CPU
		Release|Any CPU = Release|Any CPU
	EndGlobalSection
	GlobalSection(ProjectConfigurationPlatforms) = postSolution
		{143EDEC2-465D-4D01-80EB-5D650B7C1649}.Debug|Any CPU.ActiveCfg = Debug|Any CPU
		{143EDEC2-465D-4D01-80EB-5D650B7C1649}.Debug|Any CPU.Build.0 = Debug|Any CPU
		{143EDEC2-465D-4D01-80EB-5D650B7C1649}.Release|Any CPU.ActiveCfg = Release|Any CPU
		{143EDEC2-465D-4D01-80EB-5D650B7C1649}.Release|Any CPU.Build.0 = Release|Any CPU
	EndGlobalSection
	GlobalSection(SolutionProperties) = preSolution
		HideSolutionNode = FALSE
	EndGlobalSection
	GlobalSection(ExtensibilityGlobals) = postSolution
		SolutionGuid = {DB8E5DAC-F5A2-4155-89A0-5E7596126F1E}
	EndGlobalSection
EndGlobal
